// !$*UTF8*$!
{
	archiveVersion = 1;
	classes = {
	};
	objectVersion = 46;
	objects = {

/* Begin PBXBuildFile section */
		639C623F1BCC1BA400EF5C24 /* AppDelegate.swift in Sources */ = {isa = PBXBuildFile; fileRef = 639C623E1BCC1BA400EF5C24 /* AppDelegate.swift */; };
		639C62411BCC1BA400EF5C24 /* ViewController.swift in Sources */ = {isa = PBXBuildFile; fileRef = 639C62401BCC1BA400EF5C24 /* ViewController.swift */; };
		639C62441BCC1BA400EF5C24 /* Main.storyboard in Resources */ = {isa = PBXBuildFile; fileRef = 639C62421BCC1BA400EF5C24 /* Main.storyboard */; };
		639C62461BCC1BA400EF5C24 /* Assets.xcassets in Resources */ = {isa = PBXBuildFile; fileRef = 639C62451BCC1BA400EF5C24 /* Assets.xcassets */; };
		639C62491BCC1BA400EF5C24 /* LaunchScreen.storyboard in Resources */ = {isa = PBXBuildFile; fileRef = 639C62471BCC1BA400EF5C24 /* LaunchScreen.storyboard */; };
		639C62541BCC1BA400EF5C24 /* First_AppTests.swift in Sources */ = {isa = PBXBuildFile; fileRef = 639C62531BCC1BA400EF5C24 /* First_AppTests.swift */; };
		639C625F1BCC1BA900EF5C24 /* First_AppUITests.swift in Sources */ = {isa = PBXBuildFile; fileRef = 639C625E1BCC1BA900EF5C24 /* First_AppUITests.swift */; };
/* End PBXBuildFile section */

/* Begin PBXContainerItemProxy section */
		639C62501BCC1BA400EF5C24 /* PBXContainerItemProxy */ = {
			isa = PBXContainerItemProxy;
			containerPortal = 639C62331BCC1BA400EF5C24 /* Project object */;
			proxyType = 1;
			remoteGlobalIDString = 639C623A1BCC1BA400EF5C24;
			remoteInfo = "First App";
		};
		639C625B1BCC1BA900EF5C24 /* PBXContainerItemProxy */ = {
			isa = PBXContainerItemProxy;
			containerPortal = 639C62331BCC1BA400EF5C24 /* Project object */;
			proxyType = 1;
			remoteGlobalIDString = 639C623A1BCC1BA400EF5C24;
			remoteInfo = "First App";
		};
/* End PBXContainerItemProxy section */

/* Begin PBXFileReference section */
		639C623B1BCC1BA400EF5C24 /* First App.app */ = {isa = PBXFileReference; explicitFileType = wrapper.application; includeInIndex = 0; path = "First App.app"; sourceTree = BUILT_PRODUCTS_DIR; };
		639C623E1BCC1BA400EF5C24 /* AppDelegate.swift */ = {isa = PBXFileReference; lastKnownFileType = sourcecode.swift; path = AppDelegate.swift; sourceTree = "<group>"; };
		639C62401BCC1BA400EF5C24 /* ViewController.swift */ = {isa = PBXFileReference; lastKnownFileType = sourcecode.swift; path = ViewController.swift; sourceTree = "<group>"; };
		639C62431BCC1BA400EF5C24 /* Base */ = {isa = PBXFileReference; lastKnownFileType = file.storyboard; name = Base; path = Base.lproj/Main.storyboard; sourceTree = "<group>"; };
		639C62451BCC1BA400EF5C24 /* Assets.xcassets */ = {isa = PBXFileReference; lastKnownFileType = folder.assetcatalog; path = Assets.xcassets; sourceTree = "<group>"; };
		639C62481BCC1BA400EF5C24 /* Base */ = {isa = PBXFileReference; lastKnownFileType = file.storyboard; name = Base; path = Base.lproj/LaunchScreen.storyboard; sourceTree = "<group>"; };
		639C624A1BCC1BA400EF5C24 /* Info.plist */ = {isa = PBXFileReference; lastKnownFileType = text.plist.xml; path = Info.plist; sourceTree = "<group>"; };
		639C624F1BCC1BA400EF5C24 /* First AppTests.xctest */ = {isa = PBXFileReference; explicitFileType = wrapper.cfbundle; includeInIndex = 0; path = "First AppTests.xctest"; sourceTree = BUILT_PRODUCTS_DIR; };
		639C62531BCC1BA400EF5C24 /* First_AppTests.swift */ = {isa = PBXFileReference; lastKnownFileType = sourcecode.swift; path = First_AppTests.swift; sourceTree = "<group>"; };
		639C62551BCC1BA400EF5C24 /* Info.plist */ = {isa = PBXFileReference; lastKnownFileType = text.plist.xml; path = Info.plist; sourceTree = "<group>"; };
		639C625A1BCC1BA900EF5C24 /* First AppUITests.xctest */ = {isa = PBXFileReference; explicitFileType = wrapper.cfbundle; includeInIndex = 0; path = "First AppUITests.xctest"; sourceTree = BUILT_PRODUCTS_DIR; };
		639C625E1BCC1BA900EF5C24 /* First_AppUITests.swift */ = {isa = PBXFileReference; lastKnownFileType = sourcecode.swift; path = First_AppUITests.swift; sourceTree = "<group>"; };
		639C62601BCC1BA900EF5C24 /* Info.plist */ = {isa = PBXFileReference; lastKnownFileType = text.plist.xml; path = Info.plist; sourceTree = "<group>"; };
/* End PBXFileReference section */

/* Begin PBXFrameworksBuildPhase section */
		639C62381BCC1BA400EF5C24 /* Frameworks */ = {
			isa = PBXFrameworksBuildPhase;
			buildActionMask = 2147483647;
			files = (
			);
			runOnlyForDeploymentPostprocessing = 0;
		};
		639C624C1BCC1BA400EF5C24 /* Frameworks */ = {
			isa = PBXFrameworksBuildPhase;
			buildActionMask = 2147483647;
			files = (
			);
			runOnlyForDeploymentPostprocessing = 0;
		};
		639C62571BCC1BA900EF5C24 /* Frameworks */ = {
			isa = PBXFrameworksBuildPhase;
			buildActionMask = 2147483647;
			files = (
			);
			runOnlyForDeploymentPostprocessing = 0;
		};
/* End PBXFrameworksBuildPhase section */

/* Begin PBXGroup section */
		639C62321BCC1BA400EF5C24 = {
			isa = PBXGroup;
			children = (
				639C623D1BCC1BA400EF5C24 /* First App */,
				639C62521BCC1BA400EF5C24 /* First AppTests */,
				639C625D1BCC1BA900EF5C24 /* First AppUITests */,
				639C623C1BCC1BA400EF5C24 /* Products */,
			);
			sourceTree = "<group>";
		};
		639C623C1BCC1BA400EF5C24 /* Products */ = {
			isa = PBXGroup;
			children = (
				639C623B1BCC1BA400EF5C24 /* First App.app */,
				639C624F1BCC1BA400EF5C24 /* First AppTests.xctest */,
				639C625A1BCC1BA900EF5C24 /* First AppUITests.xctest */,
			);
			name = Products;
			sourceTree = "<group>";
		};
		639C623D1BCC1BA400EF5C24 /* First App */ = {
			isa = PBXGroup;
			children = (
				639C623E1BCC1BA400EF5C24 /* AppDelegate.swift */,
				639C62401BCC1BA400EF5C24 /* ViewController.swift */,
				639C62421BCC1BA400EF5C24 /* Main.storyboard */,
				639C62451BCC1BA400EF5C24 /* Assets.xcassets */,
				639C62471BCC1BA400EF5C24 /* LaunchScreen.storyboard */,
				639C624A1BCC1BA400EF5C24 /* Info.plist */,
			);
			path = "First App";
			sourceTree = "<group>";
		};
		639C62521BCC1BA400EF5C24 /* First AppTests */ = {
			isa = PBXGroup;
			children = (
				639C62531BCC1BA400EF5C24 /* First_AppTests.swift */,
				639C62551BCC1BA400EF5C24 /* Info.plist */,
			);
			path = "First AppTests";
			sourceTree = "<group>";
		};
		639C625D1BCC1BA900EF5C24 /* First AppUITests */ = {
			isa = PBXGroup;
			children = (
				639C625E1BCC1BA900EF5C24 /* First_AppUITests.swift */,
				639C62601BCC1BA900EF5C24 /* Info.plist */,
			);
			path = "First AppUITests";
			sourceTree = "<group>";
		};
/* End PBXGroup section */

/* Begin PBXNativeTarget section */
		639C623A1BCC1BA400EF5C24 /* First App */ = {
			isa = PBXNativeTarget;
			buildConfigurationList = 639C62631BCC1BA900EF5C24 /* Build configuration list for PBXNativeTarget "First App" */;
			buildPhases = (
				639C62371BCC1BA400EF5C24 /* Sources */,
				639C62381BCC1BA400EF5C24 /* Frameworks */,
				639C62391BCC1BA400EF5C24 /* Resources */,
			);
			buildRules = (
			);
			dependencies = (
			);
			name = "First App";
			productName = "First App";
			productReference = 639C623B1BCC1BA400EF5C24 /* First App.app */;
			productType = "com.apple.product-type.application";
		};
		639C624E1BCC1BA400EF5C24 /* First AppTests */ = {
			isa = PBXNativeTarget;
			buildConfigurationList = 639C62661BCC1BA900EF5C24 /* Build configuration list for PBXNativeTarget "First AppTests" */;
			buildPhases = (
				639C624B1BCC1BA400EF5C24 /* Sources */,
				639C624C1BCC1BA400EF5C24 /* Frameworks */,
				639C624D1BCC1BA400EF5C24 /* Resources */,
			);
			buildRules = (
			);
			dependencies = (
				639C62511BCC1BA400EF5C24 /* PBXTargetDependency */,
			);
			name = "First AppTests";
			productName = "First AppTests";
			productReference = 639C624F1BCC1BA400EF5C24 /* First AppTests.xctest */;
			productType = "com.apple.product-type.bundle.unit-test";
		};
		639C62591BCC1BA900EF5C24 /* First AppUITests */ = {
			isa = PBXNativeTarget;
			buildConfigurationList = 639C62691BCC1BA900EF5C24 /* Build configuration list for PBXNativeTarget "First AppUITests" */;
			buildPhases = (
				639C62561BCC1BA900EF5C24 /* Sources */,
				639C62571BCC1BA900EF5C24 /* Frameworks */,
				639C62581BCC1BA900EF5C24 /* Resources */,
			);
			buildRules = (
			);
			dependencies = (
				639C625C1BCC1BA900EF5C24 /* PBXTargetDependency */,
			);
			name = "First AppUITests";
			productName = "First AppUITests";
			productReference = 639C625A1BCC1BA900EF5C24 /* First AppUITests.xctest */;
			productType = "com.apple.product-type.bundle.ui-testing";
		};
/* End PBXNativeTarget section */

/* Begin PBXProject section */
		639C62331BCC1BA400EF5C24 /* Project object */ = {
			isa = PBXProject;
			attributes = {
				LastUpgradeCheck = 0700;
				ORGANIZATIONNAME = LDC;
				TargetAttributes = {
					639C623A1BCC1BA400EF5C24 = {
						CreatedOnToolsVersion = 7.0.1;
					};
					639C624E1BCC1BA400EF5C24 = {
						CreatedOnToolsVersion = 7.0.1;
						TestTargetID = 639C623A1BCC1BA400EF5C24;
					};
					639C62591BCC1BA900EF5C24 = {
						CreatedOnToolsVersion = 7.0.1;
						TestTargetID = 639C623A1BCC1BA400EF5C24;
					};
				};
			};
			buildConfigurationList = 639C62361BCC1BA400EF5C24 /* Build configuration list for PBXProject "First App" */;
			compatibilityVersion = "Xcode 3.2";
			developmentRegion = English;
			hasScannedForEncodings = 0;
			knownRegions = (
				en,
				Base,
			);
			mainGroup = 639C62321BCC1BA400EF5C24;
			productRefGroup = 639C623C1BCC1BA400EF5C24 /* Products */;
			projectDirPath = "";
			projectRoot = "";
			targets = (
				639C623A1BCC1BA400EF5C24 /* First App */,
				639C624E1BCC1BA400EF5C24 /* First AppTests */,
				639C62591BCC1BA900EF5C24 /* First AppUITests */,
			);
		};
/* End PBXProject section */

/* Begin PBXResourcesBuildPhase section */
		639C62391BCC1BA400EF5C24 /* Resources */ = {
			isa = PBXResourcesBuildPhase;
			buildActionMask = 2147483647;
			files = (
				639C62491BCC1BA400EF5C24 /* LaunchScreen.storyboard in Resources */,
				639C62461BCC1BA400EF5C24 /* Assets.xcassets in Resources */,
				639C62441BCC1BA400EF5C24 /* Main.storyboard in Resources */,
			);
			runOnlyForDeploymentPostprocessing = 0;
		};
		639C624D1BCC1BA400EF5C24 /* Resources */ = {
			isa = PBXResourcesBuildPhase;
			buildActionMask = 2147483647;
			files = (
			);
			runOnlyForDeploymentPostprocessing = 0;
		};
		639C62581BCC1BA900EF5C24 /* Resources */ = {
			isa = PBXResourcesBuildPhase;
			buildActionMask = 2147483647;
			files = (
			);
			runOnlyForDeploymentPostprocessing = 0;
		};
/* End PBXResourcesBuildPhase section */

/* Begin PBXSourcesBuildPhase section */
		639C62371BCC1BA400EF5C24 /* Sources */ = {
			isa = PBXSourcesBuildPhase;
			buildActionMask = 2147483647;
			files = (
				639C62411BCC1BA400EF5C24 /* ViewController.swift in Sources */,
				639C623F1BCC1BA400EF5C24 /* AppDelegate.swift in Sources */,
			);
			runOnlyForDeploymentPostprocessing = 0;
		};
		639C624B1BCC1BA400EF5C24 /* Sources */ = {
			isa = PBXSourcesBuildPhase;
			buildActionMask = 2147483647;
			files = (
				639C62541BCC1BA400EF5C24 /* First_AppTests.swift in Sources */,
			);
			runOnlyForDeploymentPostprocessing = 0;
		};
		639C62561BCC1BA900EF5C24 /* Sources */ = {
			isa = PBXSourcesBuildPhase;
			buildActionMask = 2147483647;
			files = (
				639C625F1BCC1BA900EF5C24 /* First_AppUITests.swift in Sources */,
			);
			runOnlyForDeploymentPostprocessing = 0;
		};
/* End PBXSourcesBuildPhase section */

/* Begin PBXTargetDependency section */
		639C62511BCC1BA400EF5C24 /* PBXTargetDependency */ = {
			isa = PBXTargetDependency;
			target = 639C623A1BCC1BA400EF5C24 /* First App */;
			targetProxy = 639C62501BCC1BA400EF5C24 /* PBXContainerItemProxy */;
		};
		639C625C1BCC1BA900EF5C24 /* PBXTargetDependency */ = {
			isa = PBXTargetDependency;
			target = 639C623A1BCC1BA400EF5C24 /* First App */;
			targetProxy = 639C625B1BCC1BA900EF5C24 /* PBXContainerItemProxy */;
		};
/* End PBXTargetDependency section */

/* Begin PBXVariantGroup section */
		639C62421BCC1BA400EF5C24 /* Main.storyboard */ = {
			isa = PBXVariantGroup;
			children = (
				639C62431BCC1BA400EF5C24 /* Base */,
			);
			name = Main.storyboard;
			sourceTree = "<group>";
		};
		639C62471BCC1BA400EF5C24 /* LaunchScreen.storyboard */ = {
			isa = PBXVariantGroup;
			children = (
				639C62481BCC1BA400EF5C24 /* Base */,
			);
			name = LaunchScreen.storyboard;
			sourceTree = "<group>";
		};
/* End PBXVariantGroup section */

/* Begin XCBuildConfiguration section */
		639C62611BCC1BA900EF5C24 /* Debug */ = {
			isa = XCBuildConfiguration;
			buildSettings = {
				ALWAYS_SEARCH_USER_PATHS = NO;
				CLANG_CXX_LANGUAGE_STANDARD = "gnu++0x";
				CLANG_CXX_LIBRARY = "libc++";
				CLANG_ENABLE_MODULES = YES;
				CLANG_ENABLE_OBJC_ARC = YES;
				CLANG_WARN_BOOL_CONVERSION = YES;
				CLANG_WARN_CONSTANT_CONVERSION = YES;
				CLANG_WARN_DIRECT_OBJC_ISA_USAGE = YES_ERROR;
				CLANG_WARN_EMPTY_BODY = YES;
				CLANG_WARN_ENUM_CONVERSION = YES;
				CLANG_WARN_INT_CONVERSION = YES;
				CLANG_WARN_OBJC_ROOT_CLASS = YES_ERROR;
				CLANG_WARN_UNREACHABLE_CODE = YES;
				CLANG_WARN__DUPLICATE_METHOD_MATCH = YES;
				"CODE_SIGN_IDENTITY[sdk=iphoneos*]" = "iPhone Developer";
				COPY_PHASE_STRIP = NO;
				DEBUG_INFORMATION_FORMAT = dwarf;
				ENABLE_STRICT_OBJC_MSGSEND = YES;
				ENABLE_TESTABILITY = YES;
				GCC_C_LANGUAGE_STANDARD = gnu99;
				GCC_DYNAMIC_NO_PIC = NO;
				GCC_NO_COMMON_BLOCKS = YES;
				GCC_OPTIMIZATION_LEVEL = 0;
				GCC_PREPROCESSOR_DEFINITIONS = (
					"DEBUG=1",
					"$(inherited)",
				);
				GCC_WARN_64_TO_32_BIT_CONVERSION = YES;
				GCC_WARN_ABOUT_RETURN_TYPE = YES_ERROR;
				GCC_WARN_UNDECLARED_SELECTOR = YES;
				GCC_WARN_UNINITIALIZED_AUTOS = YES_AGGRESSIVE;
				GCC_WARN_UNUSED_FUNCTION = YES;
				GCC_WARN_UNUSED_VARIABLE = YES;
				IPHONEOS_DEPLOYMENT_TARGET = 9.0;
				MTL_ENABLE_DEBUG_INFO = YES;
				ONLY_ACTIVE_ARCH = YES;
				SDKROOT = iphoneos;
				SWIFT_OPTIMIZATION_LEVEL = "-Onone";
			};
			name = Debug;
		};
		639C62621BCC1BA900EF5C24 /* Release */ = {
			isa = XCBuildConfiguration;
			buildSettings = {
				ALWAYS_SEARCH_USER_PATHS = NO;
				CLANG_CXX_LANGUAGE_STANDARD = "gnu++0x";
				CLANG_CXX_LIBRARY = "libc++";
				CLANG_ENABLE_MODULES = YES;
				CLANG_ENABLE_OBJC_ARC = YES;
				CLANG_WARN_BOOL_CONVERSION = YES;
				CLANG_WARN_CONSTANT_CONVERSION = YES;
				CLANG_WARN_DIRECT_OBJC_ISA_USAGE = YES_ERROR;
				CLANG_WARN_EMPTY_BODY = YES;
				CLANG_WARN_ENUM_CONVERSION = YES;
				CLANG_WARN_INT_CONVERSION = YES;
				CLANG_WARN_OBJC_ROOT_CLASS = YES_ERROR;
				CLANG_WARN_UNREACHABLE_CODE = YES;
				CLANG_WARN__DUPLICATE_METHOD_MATCH = YES;
				"CODE_SIGN_IDENTITY[sdk=iphoneos*]" = "iPhone Developer";
				COPY_PHASE_STRIP = NO;
				DEBUG_INFORMATION_FORMAT = "dwarf-with-dsym";
				ENABLE_NS_ASSERTIONS = NO;
				ENABLE_STRICT_OBJC_MSGSEND = YES;
				GCC_C_LANGUAGE_STANDARD = gnu99;
				GCC_NO_COMMON_BLOCKS = YES;
				GCC_WARN_64_TO_32_BIT_CONVERSION = YES;
				GCC_WARN_ABOUT_RETURN_TYPE = YES_ERROR;
				GCC_WARN_UNDECLARED_SELECTOR = YES;
				GCC_WARN_UNINITIALIZED_AUTOS = YES_AGGRESSIVE;
				GCC_WARN_UNUSED_FUNCTION = YES;
				GCC_WARN_UNUSED_VARIABLE = YES;
				IPHONEOS_DEPLOYMENT_TARGET = 9.0;
				MTL_ENABLE_DEBUG_INFO = NO;
				SDKROOT = iphoneos;
				VALIDATE_PRODUCT = YES;
			};
			name = Release;
		};
		639C62641BCC1BA900EF5C24 /* Debug */ = {
			isa = XCBuildConfiguration;
			buildSettings = {
				ASSETCATALOG_COMPILER_APPICON_NAME = AppIcon;
				INFOPLIST_FILE = "First App/Info.plist";
				LD_RUNPATH_SEARCH_PATHS = "$(inherited) @executable_path/Frameworks";
				PRODUCT_BUNDLE_IDENTIFIER = "com.toddperkins.First-App";
				PRODUCT_NAME = "$(TARGET_NAME)";
			};
			name = Debug;
		};
		639C62651BCC1BA900EF5C24 /* Release */ = {
			isa = XCBuildConfiguration;
			buildSettings = {
				ASSETCATALOG_COMPILER_APPICON_NAME = AppIcon;
				INFOPLIST_FILE = "First App/Info.plist";
				LD_RUNPATH_SEARCH_PATHS = "$(inherited) @executable_path/Frameworks";
				PRODUCT_BUNDLE_IDENTIFIER = "com.toddperkins.First-App";
				PRODUCT_NAME = "$(TARGET_NAME)";
			};
			name = Release;
		};
		639C62671BCC1BA900EF5C24 /* Debug */ = {
			isa = XCBuildConfiguration;
			buildSettings = {
				BUNDLE_LOADER = "$(TEST_HOST)";
				INFOPLIST_FILE = "First AppTests/Info.plist";
				LD_RUNPATH_SEARCH_PATHS = "$(inherited) @executable_path/Frameworks @loader_path/Frameworks";
				PRODUCT_BUNDLE_IDENTIFIER = "com.toddperkins.First-AppTests";
				PRODUCT_NAME = "$(TARGET_NAME)";
				TEST_HOST = "$(BUILT_PRODUCTS_DIR)/First App.app/First App";
			};
			name = Debug;
		};
		639C62681BCC1BA900EF5C24 /* Release */ = {
			isa = XCBuildConfiguration;
			buildSettings = {
				BUNDLE_LOADER = "$(TEST_HOST)";
				INFOPLIST_FILE = "First AppTests/Info.plist";
				LD_RUNPATH_SEARCH_PATHS = "$(inherited) @executable_path/Frameworks @loader_path/Frameworks";
				PRODUCT_BUNDLE_IDENTIFIER = "com.toddperkins.First-AppTests";
				PRODUCT_NAME = "$(TARGET_NAME)";
				TEST_HOST = "$(BUILT_PRODUCTS_DIR)/First App.app/First App";
			};
			name = Release;
		};
		639C626A1BCC1BA900EF5C24 /* Debug */ = {
			isa = XCBuildConfiguration;
			buildSettings = {
				INFOPLIST_FILE = "First AppUITests/Info.plist";
				LD_RUNPATH_SEARCH_PATHS = "$(inherited) @executable_path/Frameworks @loader_path/Frameworks";
				PRODUCT_BUNDLE_IDENTIFIER = "com.toddperkins.First-AppUITests";
				PRODUCT_NAME = "$(TARGET_NAME)";
				TEST_TARGET_NAME = "First App";
				USES_XCTRUNNER = YES;
			};
			name = Debug;
		};
		639C626B1BCC1BA900EF5C24 /* Release */ = {
			isa = XCBuildConfiguration;
			buildSettings = {
				INFOPLIST_FILE = "First AppUITests/Info.plist";
				LD_RUNPATH_SEARCH_PATHS = "$(inherited) @executable_path/Frameworks @loader_path/Frameworks";
				PRODUCT_BUNDLE_IDENTIFIER = "com.toddperkins.First-AppUITests";
				PRODUCT_NAME = "$(TARGET_NAME)";
				TEST_TARGET_NAME = "First App";
				USES_XCTRUNNER = YES;
			};
			name = Release;
		};
/* End XCBuildConfiguration section */

/* Begin XCConfigurationList section */
		639C62361BCC1BA400EF5C24 /* Build configuration list for PBXProject "First App" */ = {
			isa = XCConfigurationList;
			buildConfigurations = (
				639C62611BCC1BA900EF5C24 /* Debug */,
				639C62621BCC1BA900EF5C24 /* Release */,
			);
			defaultConfigurationIsVisible = 0;
			defaultConfigurationName = Release;
		};
		639C62631BCC1BA900EF5C24 /* Build configuration list for PBXNativeTarget "First App" */ = {
			isa = XCConfigurationList;
			buildConfigurations = (
				639C62641BCC1BA900EF5C24 /* Debug */,
				639C62651BCC1BA900EF5C24 /* Release */,
			);
			defaultConfigurationIsVisible = 0;
		};
		639C62661BCC1BA900EF5C24 /* Build configuration list for PBXNativeTarget "First AppTests" */ = {
			isa = XCConfigurationList;
			buildConfigurations = (
				639C62671BCC1BA900EF5C24 /* Debug */,
				639C62681BCC1BA900EF5C24 /* Release */,
			);
			defaultConfigurationIsVisible = 0;
		};
		639C62691BCC1BA900EF5C24 /* Build configuration list for PBXNativeTarget "First AppUITests" */ = {
			isa = XCConfigurationList;
			buildConfigurations = (
				639C626A1BCC1BA900EF5C24 /* Debug */,
				639C626B1BCC1BA900EF5C24 /* Release */,
			);
			defaultConfigurationIsVisible = 0;
		};
/* End XCConfigurationList section */
	};
	rootObject = 639C62331BCC1BA400EF5C24 /* Project object */;
}
